github.com/banaaron/gotils v0.0.0-20230930182657-bcf4f24d073d h1:lSQG/kqm1/uY6QpRO5HeZjFxg1e8ak1P1PoO1sXm0o0=
github.com/banaaron/gotils v0.0.0-20230930182657-bcf4f24d073d/go.mod h1:Lrivfkpy15DbJ3NbG9+9YnJ0BwLGMJwFgYFpLR7lA/g=
github.com/banaaron/gotils v0.0.2 h1:k2WJBAH0s1poqbnEjHTmoYgXIDOKk8K6vYiRN5+n5ls=
github.com/banaaron/gotils v0.0.2/go.mod h1:Lrivfkpy15DbJ3NbG9+9YnJ0BwLGMJwFgYFpLR7lA/g=
github.com/banaaron/gotils v0.0.3 h1:R6TnkAIPzw5RQ+gmY+PpzzS2CVNO7XkBwYILw6C6b5o=
github.com/banaaron/gotils v0.0.3/go.mod h1:Lrivfkpy15DbJ3NbG9+9YnJ0BwLGMJwFgYFpLR7lA/g=
